
Microsoft Visual Studio Solution File, Format Version 12.00
# Visual Studio 14
VisualStudioVersion = 14.0.25420.1
MinimumVisualStudioVersion = 10.0.40219.1
Project("{2150E333-8FDC-42A3-9474-1A3956D46DE8}") = "ML", "ML", "{26BF8448-9D7B-4B1A-A739-0BEFAFD682C2}"
EndProject
Project("{2150E333-8FDC-42A3-9474-1A3956D46DE8}") = "PL", "PL", "{0EAC95B0-6747-4E29-88F7-193084C91BE3}"
EndProject
Project("{2150E333-8FDC-42A3-9474-1A3956D46DE8}") = "BL", "BL", "{6EF0661D-D144-4214-8DFD-B601C34F4949}"
EndProject
Project("{2150E333-8FDC-42A3-9474-1A3956D46DE8}") = "DL", "DL", "{5FA7BB7D-EA6A-4F41-973A-8F8E9921B96C}"
EndProject
Project("{FAE04EC0-301F-11D3-BF4B-00C04F79EFBC}") = "BL", "BL\BL.csproj", "{68046D22-05CE-4690-9D58-DAE02E1CACC6}"
EndProject
Project("{FAE04EC0-301F-11D3-BF4B-00C04F79EFBC}") = "DL", "DL\DL.csproj", "{6744674D-24A2-4A57-8B84-D7EA1EF85C60}"
EndProject
Project("{FAE04EC0-301F-11D3-BF4B-00C04F79EFBC}") = "PL", "PL\PL.csproj", "{FF6E2FAE-79B8-4FED-88D0-9D9F77D44B0D}"
EndProject
Project("{FAE04EC0-301F-11D3-BF4B-00C04F79EFBC}") = "ML", "ML\ML.csproj", "{9E24C0A7-FBFD-4CEB-91A8-A511750391DB}"
EndProject
Global
	GlobalSection(SolutionConfigurationPlatforms) = preSolution
		Debug|Any CPU = Debug|Any CPU
		Release|Any CPU = Release|Any CPU
	EndGlobalSection
	GlobalSection(ProjectConfigurationPlatforms) = postSolution
		{68046D22-05CE-4690-9D58-DAE02E1CACC6}.Debug|Any CPU.ActiveCfg = Debug|Any CPU
		{68046D22-05CE-4690-9D58-DAE02E1CACC6}.Debug|Any CPU.Build.0 = Debug|Any CPU
		{68046D22-05CE-4690-9D58-DAE02E1CACC6}.Release|Any CPU.ActiveCfg = Release|Any CPU
		{68046D22-05CE-4690-9D58-DAE02E1CACC6}.Release|Any CPU.Build.0 = Release|Any CPU
		{6744674D-24A2-4A57-8B84-D7EA1EF85C60}.Debug|Any CPU.ActiveCfg = Debug|Any CPU
		{6744674D-24A2-4A57-8B84-D7EA1EF85C60}.Debug|Any CPU.Build.0 = Debug|Any CPU
		{6744674D-24A2-4A57-8B84-D7EA1EF85C60}.Release|Any CPU.ActiveCfg = Release|Any CPU
		{6744674D-24A2-4A57-8B84-D7EA1EF85C60}.Release|Any CPU.Build.0 = Release|Any CPU
		{FF6E2FAE-79B8-4FED-88D0-9D9F77D44B0D}.Debug|Any CPU.ActiveCfg = Debug|Any CPU
		{FF6E2FAE-79B8-4FED-88D0-9D9F77D44B0D}.Debug|Any CPU.Build.0 = Debug|Any CPU
		{FF6E2FAE-79B8-4FED-88D0-9D9F77D44B0D}.Release|Any CPU.ActiveCfg = Release|Any CPU
		{FF6E2FAE-79B8-4FED-88D0-9D9F77D44B0D}.Release|Any CPU.Build.0 = Release|Any CPU
		{9E24C0A7-FBFD-4CEB-91A8-A511750391DB}.Debug|Any CPU.ActiveCfg = Debug|Any CPU
		{9E24C0A7-FBFD-4CEB-91A8-A511750391DB}.Debug|Any CPU.Build.0 = Debug|Any CPU
		{9E24C0A7-FBFD-4CEB-91A8-A511750391DB}.Release|Any CPU.ActiveCfg = Release|Any CPU
		{9E24C0A7-FBFD-4CEB-91A8-A511750391DB}.Release|Any CPU.Build.0 = Release|Any CPU
	EndGlobalSection
	GlobalSection(SolutionProperties) = preSolution
		HideSolutionNode = FALSE
	EndGlobalSection
	GlobalSection(NestedProjects) = preSolution
		{68046D22-05CE-4690-9D58-DAE02E1CACC6} = {6EF0661D-D144-4214-8DFD-B601C34F4949}
		{6744674D-24A2-4A57-8B84-D7EA1EF85C60} = {5FA7BB7D-EA6A-4F41-973A-8F8E9921B96C}
		{FF6E2FAE-79B8-4FED-88D0-9D9F77D44B0D} = {0EAC95B0-6747-4E29-88F7-193084C91BE3}
		{9E24C0A7-FBFD-4CEB-91A8-A511750391DB} = {26BF8448-9D7B-4B1A-A739-0BEFAFD682C2}
	EndGlobalSection
EndGlobal
